
Microsoft Visual Studio Solution File, Format Version 12.00
# Visual Studio Version 17
VisualStudioVersion = 17.7.34221.43
MinimumVisualStudioVersion = 10.0.40219.1
Project("{9A19103F-16F7-4668-BE54-9A1E7A4F7556}") = "Experimentum.Client", "Experimentum.Client\Experimentum.Client.csproj", "{10CC228D-ABBB-41C1-8EBA-F0F576ADE49B}"
EndProject
Project("{9A19103F-16F7-4668-BE54-9A1E7A4F7556}") = "Experimentum.Api", "Experimentum.Api\Experimentum.Api.csproj", "{1292AB69-FFF5-4AC0-890A-974429703399}"
EndProject
Project("{9A19103F-16F7-4668-BE54-9A1E7A4F7556}") = "Experimentum.Domain", "Experimentum.Domain\Experimentum.Domain.csproj", "{11B76F10-109C-4C56-B77A-BFF6831737C8}"
EndProject
Project("{9A19103F-16F7-4668-BE54-9A1E7A4F7556}") = "Experimentum.Shared", "Experimentum.Shared\Experimentum.Shared.csproj", "{34F2EECD-0EF0-4988-B74F-84EA54203E2C}"
EndProject
Project("{9A19103F-16F7-4668-BE54-9A1E7A4F7556}") = "Experimentum.Tests", "Experimentum.Tests\Experimentum.Tests.csproj", "{54180DD3-CF70-4BF0-8099-AD90280D2BC5}"
EndProject
Project("{2150E333-8FDC-42A3-9474-1A3956D46DE8}") = "Solution Items", "Solution Items", "{300BA97B-A186-46E7-AC7C-44BED73FCE27}"
	ProjectSection(SolutionItems) = preProject
		nuget.config = nuget.config
	EndProjectSection
EndProject
Project("{2150E333-8FDC-42A3-9474-1A3956D46DE8}") = "docs", "docs", "{2C91185E-65AF-4C9E-A8CA-DC9A70160461}"
	ProjectSection(SolutionItems) = preProject
		docs\Readme.md = docs\Readme.md
	EndProjectSection
EndProject
Project("{2150E333-8FDC-42A3-9474-1A3956D46DE8}") = "ci", "ci", "{569D8FF8-4404-4878-AFE5-49F09CF98FAA}"
	ProjectSection(SolutionItems) = preProject
		ci.yml = ci.yml
	EndProjectSection
EndProject
Project("{2150E333-8FDC-42A3-9474-1A3956D46DE8}") = "templates", "templates", "{893114F9-005F-413E-936B-8B046F5BD0CF}"
	ProjectSection(SolutionItems) = preProject
		build.yml = build.yml
	EndProjectSection
EndProject
Global
	GlobalSection(SolutionConfigurationPlatforms) = preSolution
		Debug|Any CPU = Debug|Any CPU
		Release|Any CPU = Release|Any CPU
	EndGlobalSection
	GlobalSection(ProjectConfigurationPlatforms) = postSolution
		{10CC228D-ABBB-41C1-8EBA-F0F576ADE49B}.Debug|Any CPU.ActiveCfg = Debug|Any CPU
		{10CC228D-ABBB-41C1-8EBA-F0F576ADE49B}.Debug|Any CPU.Build.0 = Debug|Any CPU
		{10CC228D-ABBB-41C1-8EBA-F0F576ADE49B}.Release|Any CPU.ActiveCfg = Release|Any CPU
		{10CC228D-ABBB-41C1-8EBA-F0F576ADE49B}.Release|Any CPU.Build.0 = Release|Any CPU
		{1292AB69-FFF5-4AC0-890A-974429703399}.Debug|Any CPU.ActiveCfg = Debug|Any CPU
		{1292AB69-FFF5-4AC0-890A-974429703399}.Debug|Any CPU.Build.0 = Debug|Any CPU
		{1292AB69-FFF5-4AC0-890A-974429703399}.Release|Any CPU.ActiveCfg = Release|Any CPU
		{1292AB69-FFF5-4AC0-890A-974429703399}.Release|Any CPU.Build.0 = Release|Any CPU
		{11B76F10-109C-4C56-B77A-BFF6831737C8}.Debug|Any CPU.ActiveCfg = Debug|Any CPU
		{11B76F10-109C-4C56-B77A-BFF6831737C8}.Debug|Any CPU.Build.0 = Debug|Any CPU
		{11B76F10-109C-4C56-B77A-BFF6831737C8}.Release|Any CPU.ActiveCfg = Release|Any CPU
		{11B76F10-109C-4C56-B77A-BFF6831737C8}.Release|Any CPU.Build.0 = Release|Any CPU
		{34F2EECD-0EF0-4988-B74F-84EA54203E2C}.Debug|Any CPU.ActiveCfg = Debug|Any CPU
		{34F2EECD-0EF0-4988-B74F-84EA54203E2C}.Debug|Any CPU.Build.0 = Debug|Any CPU
		{34F2EECD-0EF0-4988-B74F-84EA54203E2C}.Release|Any CPU.ActiveCfg = Release|Any CPU
		{34F2EECD-0EF0-4988-B74F-84EA54203E2C}.Release|Any CPU.Build.0 = Release|Any CPU
		{54180DD3-CF70-4BF0-8099-AD90280D2BC5}.Debug|Any CPU.ActiveCfg = Debug|Any CPU
		{54180DD3-CF70-4BF0-8099-AD90280D2BC5}.Debug|Any CPU.Build.0 = Debug|Any CPU
		{54180DD3-CF70-4BF0-8099-AD90280D2BC5}.Release|Any CPU.ActiveCfg = Release|Any CPU
		{54180DD3-CF70-4BF0-8099-AD90280D2BC5}.Release|Any CPU.Build.0 = Release|Any CPU
	EndGlobalSection
	GlobalSection(SolutionProperties) = preSolution
		HideSolutionNode = FALSE
	EndGlobalSection
	GlobalSection(NestedProjects) = preSolution
		{2C91185E-65AF-4C9E-A8CA-DC9A70160461} = {300BA97B-A186-46E7-AC7C-44BED73FCE27}
		{569D8FF8-4404-4878-AFE5-49F09CF98FAA} = {300BA97B-A186-46E7-AC7C-44BED73FCE27}
		{893114F9-005F-413E-936B-8B046F5BD0CF} = {300BA97B-A186-46E7-AC7C-44BED73FCE27}
	EndGlobalSection
	GlobalSection(ExtensibilityGlobals) = postSolution
		SolutionGuid = {16B182BC-7E0D-423D-AE05-BC280E46139E}
	EndGlobalSection
EndGlobal
